github.com/apparentlymart/go-textseg/v13 v13.0.0 h1:Y+KvPE1NYz0xl601PVImeQfFyEy6iT90AvPUL1NNfNw=
github.com/apparentlymart/go-textseg/v13 v13.0.0/go.mod h1:ZK2fH7c4NqDTLtiYLvIkEghdlcqw7yxLeM89kiTRPUo=
github.com/google/go-cmp v0.5.8 h1:e6P7q2lk1O+qJJb4BtCQXlK8vWEO8V1ZeuEdJNOqZyg=
github.com/valyala/gorpc v0.0.0-20160519171614-908281bef774 h1:SUHFQHAaySqF0YHCmmm0EIFooFZpDPpi5KTom7YJ07c=
github.com/valyala/gorpc v0.0.0-20160519171614-908281bef774/go.mod h1:8uNqM1i7pr0jO7gdvbNCgsSa8Ki2vMh7JCQxO9BlF90=
github.com/zipstack/go-cty v1.13.1-pct.1 h1:kstog34t8kcL5+Wb51wkvYW2e4exi1Jpw4xm9xsEc9c=
github.com/zipstack/go-cty v1.13.1-pct.1/go.mod h1:YKQzy/7pZ7iq2jNFzy5go57xdxdWoLLpaEp4u238AE0=
github.com/zipstack/pct-plugin-framework v1.1.0 h1:rxKRfN/6wtURhHT9B63F2+2wOCvv3SApGxWzjzabW1k=
github.com/zipstack/pct-plugin-framework v1.1.0/go.mod h1:OQNOdOoEEVYsNvfVrcJDZlk4lDqXJGQlH4zrQBaHuDE=
golang.org/x/exp v0.0.0-20230425010034-47ecfdc1ba53 h1:5llv2sWeaMSnA3w2kS57ouQQ4pudlXrR0dCgw51QK9o=
golang.org/x/exp v0.0.0-20230425010034-47ecfdc1ba53/go.mod h1:V1LtkGg67GoY2N1AnLN78QLrzxkLyJw7RJb1gzOOz9w=
golang.org/x/text v0.9.0 h1:2sjJmO8cDvYveuX97RDLsxlyUxLl+GHoLxBiRdHllBE=
golang.org/x/text v0.9.0/go.mod h1:e1OnstbJyHTd6l/uOt8jFFHp6TRDWZR/bV3emEE/zU8=
